
Microsoft Visual Studio Solution File, Format Version 12.00
Project("{FAE04EC0-301F-11D3-BF4B-00C04F79EFBC}") = "RandomSfxPlayer", "RandomSfxPlayer\RandomSfxPlayer.csproj", "{1000B1A3-B521-4544-A996-9A546129AE3E}"
EndProject
Global
	GlobalSection(SolutionConfigurationPlatforms) = preSolution
		Debug|Any CPU = Debug|Any CPU
		Release|Any CPU = Release|Any CPU
	EndGlobalSection
	GlobalSection(ProjectConfigurationPlatforms) = postSolution
		{1000B1A3-B521-4544-A996-9A546129AE3E}.Debug|Any CPU.ActiveCfg = Debug|Any CPU
		{1000B1A3-B521-4544-A996-9A546129AE3E}.Debug|Any CPU.Build.0 = Debug|Any CPU
		{1000B1A3-B521-4544-A996-9A546129AE3E}.Release|Any CPU.ActiveCfg = Release|Any CPU
		{1000B1A3-B521-4544-A996-9A546129AE3E}.Release|Any CPU.Build.0 = Release|Any CPU
	EndGlobalSection
EndGlobal
